
Microsoft Visual Studio Solution File, Format Version 12.00
# Visual Studio Version 17
VisualStudioVersion = 17.10.35027.167
MinimumVisualStudioVersion = 10.0.40219.1
Project("{9A19103F-16F7-4668-BE54-9A1E7A4F7556}") = "RazorCrud", "RazorCrud.csproj", "{2145C06B-9ECD-4ED1-90C4-9CDA268279D2}"
EndProject
Global
	GlobalSection(SolutionConfigurationPlatforms) = preSolution
		Debug|Any CPU = Debug|Any CPU
		Release|Any CPU = Release|Any CPU
	EndGlobalSection
	GlobalSection(ProjectConfigurationPlatforms) = postSolution
		{2145C06B-9ECD-4ED1-90C4-9CDA268279D2}.Debug|Any CPU.ActiveCfg = Debug|Any CPU
		{2145C06B-9ECD-4ED1-90C4-9CDA268279D2}.Debug|Any CPU.Build.0 = Debug|Any CPU
		{2145C06B-9ECD-4ED1-90C4-9CDA268279D2}.Release|Any CPU.ActiveCfg = Release|Any CPU
		{2145C06B-9ECD-4ED1-90C4-9CDA268279D2}.Release|Any CPU.Build.0 = Release|Any CPU
	EndGlobalSection
	GlobalSection(SolutionProperties) = preSolution
		HideSolutionNode = FALSE
	EndGlobalSection
	GlobalSection(ExtensibilityGlobals) = postSolution
		SolutionGuid = {54F47681-BF96-4CA6-9B27-3AC9F6C21E92}
	EndGlobalSection
EndGlobal
